
Microsoft Visual Studio Solution File, Format Version 12.00
# Visual Studio Version 16
VisualStudioVersion = 16.0.32413.511
MinimumVisualStudioVersion = 10.0.40219.1
Project("{FAE04EC0-301F-11D3-BF4B-00C04F79EFBC}") = "AbastecimentoApp", "Abastecimento\AbastecimentoApp.csproj", "{F583C597-CA25-4A82-9288-ACD4CD3B306A}"
EndProject
Global
	GlobalSection(SolutionConfigurationPlatforms) = preSolution
		Debug|Any CPU = Debug|Any CPU
		Release|Any CPU = Release|Any CPU
	EndGlobalSection
	GlobalSection(ProjectConfigurationPlatforms) = postSolution
		{F583C597-CA25-4A82-9288-ACD4CD3B306A}.Debug|Any CPU.ActiveCfg = Debug|Any CPU
		{F583C597-CA25-4A82-9288-ACD4CD3B306A}.Debug|Any CPU.Build.0 = Debug|Any CPU
		{F583C597-CA25-4A82-9288-ACD4CD3B306A}.Release|Any CPU.ActiveCfg = Release|Any CPU
		{F583C597-CA25-4A82-9288-ACD4CD3B306A}.Release|Any CPU.Build.0 = Release|Any CPU
	EndGlobalSection
	GlobalSection(SolutionProperties) = preSolution
		HideSolutionNode = FALSE
	EndGlobalSection
	GlobalSection(ExtensibilityGlobals) = postSolution
		SolutionGuid = {54C3BE80-3762-4BA7-9E5D-14C25C248574}
	EndGlobalSection
EndGlobal
